
Microsoft Visual Studio Solution File, Format Version 12.00
# Visual Studio Version 17
VisualStudioVersion = 17.11.35312.102
MinimumVisualStudioVersion = 10.0.40219.1
Project("{9A19103F-16F7-4668-BE54-9A1E7A4F7556}") = "LoginProject", "LoginProject.csproj", "{BCAD3DA3-712E-45BB-BAF0-5DA6621774DE}"
EndProject
Global
	GlobalSection(SolutionConfigurationPlatforms) = preSolution
		Debug|Any CPU = Debug|Any CPU
		Release|Any CPU = Release|Any CPU
	EndGlobalSection
	GlobalSection(ProjectConfigurationPlatforms) = postSolution
		{BCAD3DA3-712E-45BB-BAF0-5DA6621774DE}.Debug|Any CPU.ActiveCfg = Debug|Any CPU
		{BCAD3DA3-712E-45BB-BAF0-5DA6621774DE}.Debug|Any CPU.Build.0 = Debug|Any CPU
		{BCAD3DA3-712E-45BB-BAF0-5DA6621774DE}.Release|Any CPU.ActiveCfg = Release|Any CPU
		{BCAD3DA3-712E-45BB-BAF0-5DA6621774DE}.Release|Any CPU.Build.0 = Release|Any CPU
	EndGlobalSection
	GlobalSection(SolutionProperties) = preSolution
		HideSolutionNode = FALSE
	EndGlobalSection
	GlobalSection(ExtensibilityGlobals) = postSolution
		SolutionGuid = {DACBBF84-0785-4368-BFD8-0B9BFC8095BC}
	EndGlobalSection
EndGlobal
